%{
  "alice": {:git, "https://github.com/alice-bot/alice.git", "a6b91fdd3e3fb5d7a1b343761a23def44435f47d", [branch: "master"]},
  "alice_against_humanity": {:hex, :alice_against_humanity, "0.1.3", "4dcb78db6739606a0d52a2846452fc85904f6181deb9ad83e57cf6609fdf9f52", [:mix], [{:alice, "~> 0.3", [hex: :alice, repo: "hexpm", optional: false]}], "hexpm", "248c494fcb7fb546954d6337b63cec3f1bced53e98079a4774e4a28acd799d91"},
  "alice_doge_me": {:hex, :alice_doge_me, "0.1.1", "71ed6e36681e20f51d76f7ea57e41014644230b1bb9b9d8876c8e071a753bc7c", [:mix], [{:alice, "~> 0.3", [hex: :alice, repo: "hexpm", optional: false]}], "hexpm", "cabb1d05ab0887c46e7e88803d5bc9234158629daae60677f04cb6512d7e920d"},
  "alice_eats": {:hex, :alice_eats, "0.1.1", "d7628c4b76d36dc1984f142741a5e68e8451c2335f4551d860c11eeaaff1317a", [:mix], [{:alice, "~> 0.3.6", [hex: :alice, repo: "hexpm", optional: false]}], "hexpm", "e88dc38c18a0233764f16e90415c3a18fad7742f912f4677161d3e00a789c19d"},
  "alice_good_morning": {:hex, :alice_good_morning, "1.0.5", "81800561c5bc68a29a9b5658ca28c811308d7e2ae6e55be165d1640a3c7c1c48", [:mix], [{:alice, "~> 0.3", [hex: :alice, repo: "hexpm", optional: false]}], "hexpm", "fbff1f06de776f58be0605f4f63a5f515ac9a9a5e11a49b288db5c9506f53937"},
  "alice_google_images": {:hex, :alice_google_images, "0.1.4", "b282e141ccdce707ebbcdc4b4e771083d76726ab5c2d8012f96b4fd8b8dc43ac", [:mix], [{:alice, "~> 0.3", [hex: :alice, repo: "hexpm", optional: false]}], "hexpm", "83d0b7cb8d94a6681725a8e8754fece3551f79216184184cafedcbdbb4df39f4"},
  "alice_haha": {:hex, :alice_haha, "1.0.7", "fecbea83c8a5d31584eb572c614cba38af55c399e2f7b08ae642f8995a89daf8", [:mix], [{:alice, "~> 0.3", [hex: :alice, repo: "hexpm", optional: false]}], "hexpm", "825ac14021fd6708c69d2e7f3cd747818fc973220db28bce02a0d65b0841c272"},
  "alice_karma": {:hex, :alice_karma, "0.3.5", "5a03b3b171ac975e66dcc0c39403f895535480546496ceaa08f454baf0bcb38f", [:mix], [{:alice, "~> 0.3", [hex: :alice, repo: "hexpm", optional: false]}], "hexpm", "0c51c6e4c1a786e34dc0c1de90778afa50e0be715e7a6dd8ec03afc7ff7ea035"},
  "alice_reddit": {:hex, :alice_reddit, "0.1.0", "0aadf89c376d318db7de0318a4d5a58fb79753d75f85702b8db0cc8cabc5b1af", [:mix], [{:alice, "~> 0.3", [hex: :alice, repo: "hexpm", optional: false]}, {:readit, "~> 0.1.0", [hex: :readit, repo: "hexpm", optional: false]}], "hexpm", "58696952cb23a77ac09249c6f45cf55fc41e27b6d0adf6e918b912621861b5c6"},
  "alice_roller": {:hex, :alice_roller, "0.3.0", "dee6e71d96cd1cb55384ee2f25ba1c2553206d36a97a5257250b1c3628f25628", [:mix], [{:alice, "~> 0.3.7", [hex: :alice, repo: "hexpm", optional: false]}, {:high_roller, "~> 0.4.1", [hex: :high_roller, repo: "hexpm", optional: false]}], "hexpm", "f95a41bdcc35ef3c434ac97054ce94f5e00b95202202b7a320d920b5aa2a586e"},
  "alice_shizzle": {:hex, :alice_shizzle, "0.1.3", "7543f5357a4f2b3851e7b737a48324d058c2f2535e928ce4dcf62da770579ca0", [:mix], [{:alice, "~> 0.3", [hex: :alice, repo: "hexpm", optional: false]}, {:gizoogle, "~> 0.0.3", [hex: :gizoogle, repo: "hexpm", optional: false]}], "hexpm", "034d23f690994ad6bbd64802eb0759193322dd880e9a5feff354ddb2b010abb6"},
  "alice_tielurs_heart_rate": {:hex, :alice_tielurs_heart_rate, "0.0.6", "2e75824231403ffa8ad2523ceb439c127ee7b016c77cca8a8aeb77f0d827fbe7", [:mix], [{:alice, "~> 0.3", [hex: :alice, repo: "hexpm", optional: false]}, {:httpoison, "~> 0.8", [hex: :httpoison, repo: "hexpm", optional: false]}, {:timex, "~> 2.1", [hex: :timex, repo: "hexpm", optional: false]}], "hexpm"},
  "alice_weather": {:hex, :alice_weather, "0.2.2", "cbc2a4146c3f63bcdeea5bb74c60ab10c24a008fca5b71579e49b698d17637d0", [:mix], [{:alice, "~> 0.3", [hex: :alice, repo: "hexpm", optional: false]}, {:geocodex, "~> 0.1.0", [hex: :geocodex, repo: "hexpm", optional: false]}, {:json, "~> 1.0", [hex: :json, repo: "hexpm", optional: false]}], "hexpm", "8ccc158112293bbb68ca3835c562c599432f75b0a2b7d869662c463db7852ab6"},
  "alice_wiki": {:hex, :alice_wiki, "1.0.1", "17cf8f97d46708e4c91c42108fefdd70230c603e8128baf9302313ee30618d6a", [:mix], [{:alice, "~> 0.3", [hex: :alice, repo: "hexpm", optional: false]}], "hexpm", "e335e2c1f63f3fc02a048feef6cf79aea0ab267fe043a695559c6756269f4c2d"},
  "alice_xkcd": {:hex, :alice_xkcd, "0.0.3", "5694bb1fff73a71e732ba0f56deba69c357fdc252a6abaccf7054a4bebcb0501", [:mix], [{:alice, "~> 0.3", [hex: :alice, repo: "hexpm", optional: false]}, {:xkcd, "~> 0.0.1", [hex: :xkcd, repo: "hexpm", optional: false]}], "hexpm"},
  "certifi": {:hex, :certifi, "2.0.0", "a0c0e475107135f76b8c1d5bc7efb33cd3815cb3cf3dea7aefdd174dabead064", [:rebar3], [], "hexpm", "fdc6066ceeccb3aa14049ab6edf0b9af3b64ae1b0db2a92d5c52146f373bbb1c"},
  "combine": {:hex, :combine, "0.9.2", "cd3c8721f378ebe032487d8a4fa2ced3181a456a3c21b16464da8c46904bb552", [:mix], [], "hexpm"},
  "connection": {:hex, :connection, "1.0.4", "a1cae72211f0eef17705aaededacac3eb30e6625b04a6117c1b2db6ace7d5976", [:mix], [], "hexpm", "4a0850c9be22a43af9920a71ab17c051f5f7d45c209e40269a1938832510e4d9"},
  "cowboy": {:hex, :cowboy, "1.0.4", "a324a8df9f2316c833a470d918aaf73ae894278b8aa6226ce7a9bf699388f878", [:rebar, :make], [{:cowlib, "~> 1.0.0", [hex: :cowlib, optional: false]}, {:ranch, "~> 1.0", [hex: :ranch, optional: false]}]},
  "cowlib": {:hex, :cowlib, "1.0.2", "9d769a1d062c9c3ac753096f868ca121e2730b9a377de23dec0f7e08b1df84ee", [:make], []},
  "exjsx": {:hex, :exjsx, "3.2.1", "1bc5bf1e4fd249104178f0885030bcd75a4526f4d2a1e976f4b428d347614f0f", [:mix], [{:jsx, "~> 2.8.0", [hex: :jsx, repo: "hexpm", optional: false]}], "hexpm"},
  "geocodex": {:hex, :geocodex, "0.1.0", "d9239f3cb91c52d5f1338c55ef56c0d2a7b7d335bc56e0fe7e80e879306e92e4", [:mix], [{:httpoison, "~> 0.11.1", [hex: :httpoison, repo: "hexpm", optional: false]}, {:poison, "~> 3.1", [hex: :poison, repo: "hexpm", optional: false]}], "hexpm", "0185cbfe7c71500ae2cce62af10b1a546a8bf3a180d57e361bc8f3cb09c8baa8"},
  "gettext": {:hex, :gettext, "0.11.0", "80c1dd42d270482418fa158ec5ba073d2980e3718bacad86f3d4ad71d5667679", [:mix], [], "hexpm"},
  "gizoogle": {:hex, :gizoogle, "0.0.3", "18f48ed05a61f94493b08be764daf9a1b5f0e9cfec829ccf6c10c54bfea1634e", [:mix], [{:httpoison, "~> 0.13", [hex: :httpoison, repo: "hexpm", optional: false]}], "hexpm", "15f95e4845312c6fee505dd91e231c7a8893c281ab444d63ce8d674dba7828b3"},
  "hackney": {:hex, :hackney, "1.11.0", "4951ee019df102492dabba66a09e305f61919a8a183a7860236c0fde586134b6", [:rebar3], [{:certifi, "2.0.0", [hex: :certifi, repo: "hexpm", optional: false]}, {:idna, "5.1.0", [hex: :idna, repo: "hexpm", optional: false]}, {:metrics, "1.0.1", [hex: :metrics, repo: "hexpm", optional: false]}, {:mimerl, "1.0.2", [hex: :mimerl, repo: "hexpm", optional: false]}, {:ssl_verify_fun, "1.1.1", [hex: :ssl_verify_fun, repo: "hexpm", optional: false]}], "hexpm", "bb3cc62ecc10145f8f0965c05083a5278eae7ef1853d340cc9a7a3e27609b9bd"},
  "high_roller": {:hex, :high_roller, "0.4.1", "65a661bdc60dab29edfaccea0df54537a5cb10e9c64dc0898697350f4e702ed4", [:mix], [], "hexpm", "d4274678a4c4fd749f36d4d439109a08cfee47dffc40cad2ac7a4b90f350d5ed"},
  "httpoison": {:hex, :httpoison, "0.13.0", "bfaf44d9f133a6599886720f3937a7699466d23bb0cd7a88b6ba011f53c6f562", [:mix], [{:hackney, "~> 1.8", [hex: :hackney, repo: "hexpm", optional: false]}], "hexpm", "4846958172d6401c4f34ecc5c2c4607b5b0d90b8eec8f6df137ca4907942ed0f"},
  "idna": {:hex, :idna, "5.1.0", "d72b4effeb324ad5da3cab1767cb16b17939004e789d8c0ad5b70f3cea20c89a", [:rebar3], [{:unicode_util_compat, "0.3.1", [hex: :unicode_util_compat, repo: "hexpm", optional: false]}], "hexpm", "fc1a2f7340c422650504b1662f28fdf381f34cbd30664e8491744e52c9511d40"},
  "json": {:hex, :json, "1.0.3", "547d58dbbd864c0a560c0ca3789ee8848974e8c517cdb7827c3303e3b42e754d", [:mix], [], "hexpm", "a058b042a65aab4b6bdcfe491796c8d04369362cacdf8d5d4bea9c517097d038"},
  "jsx": {:hex, :jsx, "2.8.1", "1453b4eb3615acb3e2cd0a105d27e6761e2ed2e501ac0b390f5bbec497669846", [:mix, :rebar3], [], "hexpm"},
  "metrics": {:hex, :metrics, "1.0.1", "25f094dea2cda98213cecc3aeff09e940299d950904393b2a29d191c346a8486", [:rebar3], [], "hexpm", "69b09adddc4f74a40716ae54d140f93beb0fb8978d8636eaded0c31b6f099f16"},
  "mime": {:hex, :mime, "1.0.1", "05c393850524767d13a53627df71beeebb016205eb43bfbd92d14d24ec7a1b51", [:mix], []},
  "mimerl": {:hex, :mimerl, "1.0.2", "993f9b0e084083405ed8252b99460c4f0563e41729ab42d9074fd5e52439be88", [:rebar3], [], "hexpm", "7a4c8e1115a2732a67d7624e28cf6c9f30c66711a9e92928e745c255887ba465"},
  "plug": {:hex, :plug, "1.2.0", "496bef96634a49d7803ab2671482f0c5ce9ce0b7b9bc25bc0ae8e09859dd2004", [:mix], [{:cowboy, "~> 1.0", [hex: :cowboy, optional: true]}, {:mime, "~> 1.0", [hex: :mime, optional: false]}]},
  "poison": {:hex, :poison, "3.1.0", "d9eb636610e096f86f25d9a46f35a9facac35609a7591b3be3326e99a0484665", [:mix], [], "hexpm", "fec8660eb7733ee4117b85f55799fd3833eb769a6df71ccf8903e8dc5447cfce"},
  "poolboy": {:hex, :poolboy, "1.5.1", "6b46163901cfd0a1b43d692657ed9d7e599853b3b21b95ae5ae0a777cf9b6ca8", [:rebar], [], "hexpm", "8f7168911120e13419e086e78d20e4d1a6776f1eee2411ac9f790af10813389f"},
  "ranch": {:hex, :ranch, "1.2.1", "a6fb992c10f2187b46ffd17ce398ddf8a54f691b81768f9ef5f461ea7e28c762", [:make], []},
  "readit": {:hex, :readit, "0.1.0", "4b742a0103551d4af52eca59fbdc7c8fe044dc6dcb0ab1af68675d2ed98d6611", [:mix], [{:httpoison, "~> 0.13", [hex: :httpoison, repo: "hexpm", optional: false]}, {:poison, "~> 3.0", [hex: :poison, repo: "hexpm", optional: false]}], "hexpm", "8306eaf0ebff0fed82de715e0657468db57ceb337aafc0dbf167f4d307d0a05b"},
  "redix": {:hex, :redix, "0.6.1", "20986b0e02f02b13e6f53c79a1ae70aa83147488c408f40275ec261f5bb0a6d0", [:mix], [{:connection, "~> 1.0", [hex: :connection, repo: "hexpm", optional: false]}], "hexpm", "aa171cc3827c69948269a37449e728cc5b803f6c9f86dcb3bff5a8a7b2274cef"},
  "slack": {:hex, :slack, "0.12.0", "a305f87adca043e056a86f92151d085a8c359718f9c4ca7f1d1012d67b75db8a", [:mix], [{:httpoison, "~> 0.11", [hex: :httpoison, repo: "hexpm", optional: false]}, {:poison, "~> 3.0", [hex: :poison, repo: "hexpm", optional: false]}, {:websocket_client, "~> 1.2.4", [hex: :websocket_client, repo: "hexpm", optional: false]}], "hexpm", "ccfde0a4d0c45c1f04e0c3f293a347c932e9ce9106f9694dc2e3e65d95529753"},
  "spotify_ex": {:hex, :spotify_ex, "2.0.1", "45b9469d7b0ea289338d343fedf51f31b2327bb47f9fe30aa855c577a896816d", [:mix], [{:httpoison, "~> 0.9.0", [hex: :httpoison, optional: false]}, {:plug, "~> 1.2.0", [hex: :plug, optional: false]}, {:poison, ">= 1.5.0", [hex: :poison, optional: false]}]},
  "ssl_verify_fun": {:hex, :ssl_verify_fun, "1.1.1", "28a4d65b7f59893bc2c7de786dec1e1555bd742d336043fe644ae956c3497fbe", [:make, :rebar], [], "hexpm", "4f8805eb5c8a939cf2359367cb651a3180b27dfb48444846be2613d79355d65e"},
  "ssl_verify_hostname": {:hex, :ssl_verify_hostname, "1.0.5"},
  "telemetry": {:hex, :telemetry, "0.4.1", "ae2718484892448a24470e6aa341bc847c3277bfb8d4e9289f7474d752c09c7f", [:rebar3], [], "hexpm", "4738382e36a0a9a2b6e25d67c960e40e1a2c95560b9f936d8e29de8cd858480f"},
  "timex": {:hex, :timex, "2.2.1", "0d69012a7fd69f4cbdaa00cc5f2a5f30f1bed56072fb362ed4bddf60db343022", [:mix], [{:combine, "~> 0.7", [hex: :combine, repo: "hexpm", optional: false]}, {:gettext, "~> 0.10", [hex: :gettext, repo: "hexpm", optional: false]}, {:tzdata, "~> 0.1.8 or ~> 0.5", [hex: :tzdata, repo: "hexpm", optional: false]}], "hexpm"},
  "tzdata": {:hex, :tzdata, "0.5.6", "d44c59175b8e9a170b3b17d6933820de98a3f0932f3a0615d884b8c20e93a87a", [], [{:hackney, "~> 1.0", [hex: :hackney, repo: "hexpm", optional: false]}], "hexpm"},
  "unicode_util_compat": {:hex, :unicode_util_compat, "0.3.1", "a1f612a7b512638634a603c8f401892afbf99b8ce93a45041f8aaca99cadb85e", [:rebar3], [], "hexpm", "da1d9bef8a092cc7e1e51f1298037a5ddfb0f657fe862dfe7ba4c5807b551c29"},
  "websocket_client": {:hex, :websocket_client, "1.2.4", "14ec1ca4b6d247b44ccd9a80af8f6ca98328070f6c1d52a5cb00bc9d939d63b8", [:rebar3], [], "hexpm", "295a79cce15c208e03a545073f1318e97e7780aa9f2415e825cb9e338aecc305"},
  "xkcd": {:hex, :xkcd, "0.0.1", "f0355857d681bf89032c80e7e3c46124be962b064c09c2420f9f89dd7feae7ef", [:mix], [{:httpoison, "~> 0.8.0", [hex: :httpoison, repo: "hexpm", optional: false]}, {:poison, "~> 2.0", [hex: :poison, repo: "hexpm", optional: false]}], "hexpm"},
}
