%{"alice": {:hex, :alice, "0.3.4", "e5df092026200c8e3925a1ef3f8f397aceac697f949e3034c0b6bb5753bbea02", [:mix], [{:redix, "~> 0.3.0", [hex: :redix, optional: false]}, {:poolboy, "~> 1.5.0", [hex: :poolboy, optional: false]}, {:slack, "~> 0.4.2", [hex: :slack, optional: false]}]},
  "alice_against_humanity": {:hex, :alice_against_humanity, "0.1.2", "040d391f62cce2dd6965a22b56d33a2e2e9fef0e0ce02a25056e467641953a16", [:mix], [{:alice, "~> 0.3", [hex: :alice, optional: false]}]},
  "alice_google_images": {:hex, :alice_google_images, "0.1.3", "8b26e5418c11ab764f61b80bd8212e3df2f3bd686e86d7f279d5dc637be47650", [:mix], [{:alice, "~> 0.3", [hex: :alice, optional: false]}]},
  "alice_karma": {:hex, :alice_karma, "0.2.0", "eb4654cae00ea022050e5e90b97088b225da193dd776468893bd3a5ec31c469b", [:mix], [{:alice, "~> 0.3", [hex: :alice, optional: false]}]},
  "alice_reddit": {:hex, :alice_reddit, "0.0.3", "900a12e3603afd338ffeb6b7eef18b054db5b1dfd3e93d0898844d9988f3de6d", [:mix], [{:readit, ">= 0.0.2", [hex: :readit, optional: false]}, {:alice, "~> 0.2", [hex: :alice, optional: false]}]},
  "alice_shizzle": {:hex, :alice_shizzle, "0.1.1", "d5d3296dd9cc303003d12c3957a07f28754fed224a06757f462117320377eb8b", [:mix], [{:gizoogle, "~> 0.0.2", [hex: :gizoogle, optional: false]}, {:alice, "~> 0.2.0", [hex: :alice, optional: false]}]},
  "alice_xkcd": {:hex, :alice_xkcd, "0.0.2", "c0c7be5a39dad7e271cdf97287bf6f32ec7769e871f253b6bf8963e07636e05f", [:mix], [{:xkcd, "~> 0.0.1", [hex: :xkcd, optional: false]}, {:alice, "~> 0.2.0", [hex: :alice, optional: false]}]},
  "certifi": {:hex, :certifi, "0.4.0", "a7966efb868b179023618d29a407548f70c52466bf1849b9e8ebd0e34b7ea11f", [:rebar3], []},
  "connection": {:hex, :connection, "1.0.2", "f4a06dd3ecae4141aa66f94ce92ea4c4b8753069472814932f1cadbc3078ab80", [:mix], []},
  "exjsx": {:hex, :exjsx, "3.1.0", "d419162cb2d5be80070835c2c2b8c78c8c45907706c991d23f3750dae506d1e9", [:mix], [{:jsx, "~> 2.4.0", [hex: :jsx, optional: false]}]},
  "gizoogle": {:hex, :gizoogle, "0.0.2", "53e881e304cc35d92b038b82616c6d044ee6064ad9ad21e90b502b5174d480f1", [:mix], [{:httpoison, "~> 0.8.0", [hex: :httpoison, optional: false]}]},
  "hackney": {:hex, :hackney, "1.6.0", "8d1e9440c9edf23bf5e5e2fe0c71de03eb265103b72901337394c840eec679ac", [:rebar3], [{:ssl_verify_fun, "1.1.0", [hex: :ssl_verify_fun, optional: false]}, {:mimerl, "1.0.2", [hex: :mimerl, optional: false]}, {:metrics, "1.0.1", [hex: :metrics, optional: false]}, {:idna, "1.2.0", [hex: :idna, optional: false]}, {:certifi, "0.4.0", [hex: :certifi, optional: false]}]},
  "httpoison": {:hex, :httpoison, "0.8.3", "b675a3fdc839a0b8d7a285c6b3747d6d596ae70b6ccb762233a990d7289ccae4", [:mix], [{:hackney, "~> 1.6.0", [hex: :hackney, optional: false]}]},
  "idna": {:hex, :idna, "1.2.0", "ac62ee99da068f43c50dc69acf700e03a62a348360126260e87f2b54eced86b2", [:rebar3], []},
  "jsx": {:hex, :jsx, "2.4.0", "fb83830ac15e981b6ce310b645324ceecd01b1e0847d23921c33df829de5d2db", [:mix], []},
  "metrics": {:hex, :metrics, "1.0.1", "25f094dea2cda98213cecc3aeff09e940299d950904393b2a29d191c346a8486", [:rebar3], []},
  "mimerl": {:hex, :mimerl, "1.0.2", "993f9b0e084083405ed8252b99460c4f0563e41729ab42d9074fd5e52439be88", [:rebar3], []},
  "poison": {:hex, :poison, "2.1.0", "f583218ced822675e484648fa26c933d621373f01c6c76bd00005d7bd4b82e27", [:mix], []},
  "poolboy": {:hex, :poolboy, "1.5.1", "6b46163901cfd0a1b43d692657ed9d7e599853b3b21b95ae5ae0a777cf9b6ca8", [:rebar], []},
  "readit": {:hex, :readit, "0.0.2", "c5af139fe0bd90d512a49ceb1e505e2acfbbd7a6f2d0fb14511bdb8d94fe1e0b", [:mix], [{:poison, "~> 2.1", [hex: :poison, optional: false]}, {:httpoison, "~> 0.8", [hex: :httpoison, optional: false]}]},
  "redix": {:hex, :redix, "0.3.6", "882b3b9a81ac1245277a0ee60a0f33fef39dc5f988f513b605c8c93f40f7206f", [:mix], [{:connection, "~> 1.0.0", [hex: :connection, optional: false]}]},
  "slack": {:hex, :slack, "0.4.2", "ae23da58e702979731d13d90e3bd0cdd5f44fbca7166eac635a8163a640bd382", [:mix], [{:httpoison, "~> 0.8.0", [hex: :httpoison, optional: false]}, {:exjsx, "~> 3.1.0", [hex: :exjsx, optional: false]}]},
  "ssl_verify_fun": {:hex, :ssl_verify_fun, "1.1.0", "edee20847c42e379bf91261db474ffbe373f8acb56e9079acb6038d4e0bf414f", [:rebar, :make], []},
  "ssl_verify_hostname": {:hex, :ssl_verify_hostname, "1.0.5"},
  "websocket_client": {:git, "https://github.com/jeremyong/websocket_client.git", "f6892c8b55004008ce2d52be7d98b156f3e34569", []},
  "xkcd": {:hex, :xkcd, "0.0.1", "f0355857d681bf89032c80e7e3c46124be962b064c09c2420f9f89dd7feae7ef", [:mix], [{:poison, "~> 2.0", [hex: :poison, optional: false]}, {:httpoison, "~> 0.8.0", [hex: :httpoison, optional: false]}]}}
